
Microsoft Visual Studio Solution File, Format Version 12.00
# Visual Studio Version 17
VisualStudioVersion = 17.8.34525.116
MinimumVisualStudioVersion = 10.0.40219.1
Project("{FAE04EC0-301F-11D3-BF4B-00C04F79EFBC}") = "Klavyeden Karenin ALanini Girilen Karenin Cevresi", "Klavyeden Karenin ALanini Girilen Karenin Cevresi\Klavyeden Karenin ALanini Girilen Karenin Cevresi.csproj", "{A13D99B5-FA09-4551-B83D-CF3787D38374}"
EndProject
Global
	GlobalSection(SolutionConfigurationPlatforms) = preSolution
		Debug|Any CPU = Debug|Any CPU
		Release|Any CPU = Release|Any CPU
	EndGlobalSection
	GlobalSection(ProjectConfigurationPlatforms) = postSolution
		{A13D99B5-FA09-4551-B83D-CF3787D38374}.Debug|Any CPU.ActiveCfg = Debug|Any CPU
		{A13D99B5-FA09-4551-B83D-CF3787D38374}.Debug|Any CPU.Build.0 = Debug|Any CPU
		{A13D99B5-FA09-4551-B83D-CF3787D38374}.Release|Any CPU.ActiveCfg = Release|Any CPU
		{A13D99B5-FA09-4551-B83D-CF3787D38374}.Release|Any CPU.Build.0 = Release|Any CPU
	EndGlobalSection
	GlobalSection(SolutionProperties) = preSolution
		HideSolutionNode = FALSE
	EndGlobalSection
	GlobalSection(ExtensibilityGlobals) = postSolution
		SolutionGuid = {8051397E-9EDE-444E-BDA2-14A00C097419}
	EndGlobalSection
EndGlobal
